
Microsoft Visual Studio Solution File, Format Version 12.00
Project("{FAE04EC0-301F-11D3-BF4B-00C04F79EFBC}") = "DefaultCheckBox", "DefaultCheckBox\DefaultCheckBox.csproj", "{31BC8AAF-96B8-4459-BE67-045BF458882D}"
EndProject
Global
	GlobalSection(SolutionConfigurationPlatforms) = preSolution
		Debug|Any CPU = Debug|Any CPU
		Release|Any CPU = Release|Any CPU
	EndGlobalSection
	GlobalSection(ProjectConfigurationPlatforms) = postSolution
		{31BC8AAF-96B8-4459-BE67-045BF458882D}.Debug|Any CPU.ActiveCfg = Debug|Any CPU
		{31BC8AAF-96B8-4459-BE67-045BF458882D}.Debug|Any CPU.Build.0 = Debug|Any CPU
		{31BC8AAF-96B8-4459-BE67-045BF458882D}.Release|Any CPU.ActiveCfg = Release|Any CPU
		{31BC8AAF-96B8-4459-BE67-045BF458882D}.Release|Any CPU.Build.0 = Release|Any CPU
	EndGlobalSection
EndGlobal
